
Microsoft Visual Studio Solution File, Format Version 12.00
# Visual Studio Version 17
VisualStudioVersion = 17.0.31903.59
MinimumVisualStudioVersion = 10.0.40219.1
Project("{FAE04EC0-301F-11D3-BF4B-00C04F79EFBC}") = "FELauncher.Host", "FELauncher.Host\FELauncher.Host.csproj", "{8D666ABC-8E5D-4309-BBB7-AFB2B79E233D}"
EndProject
Project("{FAE04EC0-301F-11D3-BF4B-00C04F79EFBC}") = "FELauncher.Engine", "FELauncher.Engine\FELauncher.Engine.csproj", "{EAAD5311-F37E-45E2-9E54-DC452FDE9D0C}"
EndProject
Project("{FAE04EC0-301F-11D3-BF4B-00C04F79EFBC}") = "FELauncher.Tests", "FELauncher.Tests\FELauncher.Tests.csproj", "{815C29BC-13C5-4800-9BBA-83D7F3E0052F}"
EndProject
Project("{FAE04EC0-301F-11D3-BF4B-00C04F79EFBC}") = "FELauncher.UI.Desktop", "FELauncher.UI.Desktop\FELauncher.UI.Desktop.csproj", "{928A39F0-7D50-4D77-B844-F3C32B9F5780}"
EndProject
Project("{FAE04EC0-301F-11D3-BF4B-00C04F79EFBC}") = "FELauncher.UI.Shell", "FELauncher.UI.Shell\FELauncher.UI.Shell.csproj", "{77159C51-EE13-4B7B-88BB-8AB8814DE79D}"
EndProject
Global
	GlobalSection(SolutionConfigurationPlatforms) = preSolution
		Debug|Any CPU = Debug|Any CPU
		Debug|x64 = Debug|x64
		Debug|x86 = Debug|x86
		Release|Any CPU = Release|Any CPU
		Release|x64 = Release|x64
		Release|x86 = Release|x86
	EndGlobalSection
	GlobalSection(ProjectConfigurationPlatforms) = postSolution
		{8D666ABC-8E5D-4309-BBB7-AFB2B79E233D}.Debug|Any CPU.ActiveCfg = Debug|Any CPU
		{8D666ABC-8E5D-4309-BBB7-AFB2B79E233D}.Debug|Any CPU.Build.0 = Debug|Any CPU
		{8D666ABC-8E5D-4309-BBB7-AFB2B79E233D}.Debug|x64.ActiveCfg = Debug|Any CPU
		{8D666ABC-8E5D-4309-BBB7-AFB2B79E233D}.Debug|x64.Build.0 = Debug|Any CPU
		{8D666ABC-8E5D-4309-BBB7-AFB2B79E233D}.Debug|x86.ActiveCfg = Debug|Any CPU
		{8D666ABC-8E5D-4309-BBB7-AFB2B79E233D}.Debug|x86.Build.0 = Debug|Any CPU
		{8D666ABC-8E5D-4309-BBB7-AFB2B79E233D}.Release|Any CPU.ActiveCfg = Release|Any CPU
		{8D666ABC-8E5D-4309-BBB7-AFB2B79E233D}.Release|Any CPU.Build.0 = Release|Any CPU
		{8D666ABC-8E5D-4309-BBB7-AFB2B79E233D}.Release|x64.ActiveCfg = Release|Any CPU
		{8D666ABC-8E5D-4309-BBB7-AFB2B79E233D}.Release|x64.Build.0 = Release|Any CPU
		{8D666ABC-8E5D-4309-BBB7-AFB2B79E233D}.Release|x86.ActiveCfg = Release|Any CPU
		{8D666ABC-8E5D-4309-BBB7-AFB2B79E233D}.Release|x86.Build.0 = Release|Any CPU
		{EAAD5311-F37E-45E2-9E54-DC452FDE9D0C}.Debug|Any CPU.ActiveCfg = Debug|Any CPU
		{EAAD5311-F37E-45E2-9E54-DC452FDE9D0C}.Debug|Any CPU.Build.0 = Debug|Any CPU
		{EAAD5311-F37E-45E2-9E54-DC452FDE9D0C}.Debug|x64.ActiveCfg = Debug|Any CPU
		{EAAD5311-F37E-45E2-9E54-DC452FDE9D0C}.Debug|x64.Build.0 = Debug|Any CPU
		{EAAD5311-F37E-45E2-9E54-DC452FDE9D0C}.Debug|x86.ActiveCfg = Debug|Any CPU
		{EAAD5311-F37E-45E2-9E54-DC452FDE9D0C}.Debug|x86.Build.0 = Debug|Any CPU
		{EAAD5311-F37E-45E2-9E54-DC452FDE9D0C}.Release|Any CPU.ActiveCfg = Release|Any CPU
		{EAAD5311-F37E-45E2-9E54-DC452FDE9D0C}.Release|Any CPU.Build.0 = Release|Any CPU
		{EAAD5311-F37E-45E2-9E54-DC452FDE9D0C}.Release|x64.ActiveCfg = Release|Any CPU
		{EAAD5311-F37E-45E2-9E54-DC452FDE9D0C}.Release|x64.Build.0 = Release|Any CPU
		{EAAD5311-F37E-45E2-9E54-DC452FDE9D0C}.Release|x86.ActiveCfg = Release|Any CPU
		{EAAD5311-F37E-45E2-9E54-DC452FDE9D0C}.Release|x86.Build.0 = Release|Any CPU
		{815C29BC-13C5-4800-9BBA-83D7F3E0052F}.Debug|Any CPU.ActiveCfg = Debug|Any CPU
		{815C29BC-13C5-4800-9BBA-83D7F3E0052F}.Debug|Any CPU.Build.0 = Debug|Any CPU
		{815C29BC-13C5-4800-9BBA-83D7F3E0052F}.Debug|x64.ActiveCfg = Debug|Any CPU
		{815C29BC-13C5-4800-9BBA-83D7F3E0052F}.Debug|x64.Build.0 = Debug|Any CPU
		{815C29BC-13C5-4800-9BBA-83D7F3E0052F}.Debug|x86.ActiveCfg = Debug|Any CPU
		{815C29BC-13C5-4800-9BBA-83D7F3E0052F}.Debug|x86.Build.0 = Debug|Any CPU
		{815C29BC-13C5-4800-9BBA-83D7F3E0052F}.Release|Any CPU.ActiveCfg = Release|Any CPU
		{815C29BC-13C5-4800-9BBA-83D7F3E0052F}.Release|Any CPU.Build.0 = Release|Any CPU
		{815C29BC-13C5-4800-9BBA-83D7F3E0052F}.Release|x64.ActiveCfg = Release|Any CPU
		{815C29BC-13C5-4800-9BBA-83D7F3E0052F}.Release|x64.Build.0 = Release|Any CPU
		{815C29BC-13C5-4800-9BBA-83D7F3E0052F}.Release|x86.ActiveCfg = Release|Any CPU
		{815C29BC-13C5-4800-9BBA-83D7F3E0052F}.Release|x86.Build.0 = Release|Any CPU
		{928A39F0-7D50-4D77-B844-F3C32B9F5780}.Debug|Any CPU.ActiveCfg = Debug|Any CPU
		{928A39F0-7D50-4D77-B844-F3C32B9F5780}.Debug|Any CPU.Build.0 = Debug|Any CPU
		{928A39F0-7D50-4D77-B844-F3C32B9F5780}.Debug|x64.ActiveCfg = Debug|Any CPU
		{928A39F0-7D50-4D77-B844-F3C32B9F5780}.Debug|x64.Build.0 = Debug|Any CPU
		{928A39F0-7D50-4D77-B844-F3C32B9F5780}.Debug|x86.ActiveCfg = Debug|Any CPU
		{928A39F0-7D50-4D77-B844-F3C32B9F5780}.Debug|x86.Build.0 = Debug|Any CPU
		{928A39F0-7D50-4D77-B844-F3C32B9F5780}.Release|Any CPU.ActiveCfg = Release|Any CPU
		{928A39F0-7D50-4D77-B844-F3C32B9F5780}.Release|Any CPU.Build.0 = Release|Any CPU
		{928A39F0-7D50-4D77-B844-F3C32B9F5780}.Release|x64.ActiveCfg = Release|Any CPU
		{928A39F0-7D50-4D77-B844-F3C32B9F5780}.Release|x64.Build.0 = Release|Any CPU
		{928A39F0-7D50-4D77-B844-F3C32B9F5780}.Release|x86.ActiveCfg = Release|Any CPU
		{928A39F0-7D50-4D77-B844-F3C32B9F5780}.Release|x86.Build.0 = Release|Any CPU
		{77159C51-EE13-4B7B-88BB-8AB8814DE79D}.Debug|Any CPU.ActiveCfg = Debug|Any CPU
		{77159C51-EE13-4B7B-88BB-8AB8814DE79D}.Debug|Any CPU.Build.0 = Debug|Any CPU
		{77159C51-EE13-4B7B-88BB-8AB8814DE79D}.Debug|x64.ActiveCfg = Debug|Any CPU
		{77159C51-EE13-4B7B-88BB-8AB8814DE79D}.Debug|x64.Build.0 = Debug|Any CPU
		{77159C51-EE13-4B7B-88BB-8AB8814DE79D}.Debug|x86.ActiveCfg = Debug|Any CPU
		{77159C51-EE13-4B7B-88BB-8AB8814DE79D}.Debug|x86.Build.0 = Debug|Any CPU
		{77159C51-EE13-4B7B-88BB-8AB8814DE79D}.Release|Any CPU.ActiveCfg = Release|Any CPU
		{77159C51-EE13-4B7B-88BB-8AB8814DE79D}.Release|Any CPU.Build.0 = Release|Any CPU
		{77159C51-EE13-4B7B-88BB-8AB8814DE79D}.Release|x64.ActiveCfg = Release|Any CPU
		{77159C51-EE13-4B7B-88BB-8AB8814DE79D}.Release|x64.Build.0 = Release|Any CPU
		{77159C51-EE13-4B7B-88BB-8AB8814DE79D}.Release|x86.ActiveCfg = Release|Any CPU
		{77159C51-EE13-4B7B-88BB-8AB8814DE79D}.Release|x86.Build.0 = Release|Any CPU
	EndGlobalSection
	GlobalSection(SolutionProperties) = preSolution
		HideSolutionNode = FALSE
	EndGlobalSection
	GlobalSection(ExtensibilityGlobals) = postSolution
		SolutionGuid = {EEDE8EFD-21F6-4890-9F79-863D6CF0DC60}
	EndGlobalSection
EndGlobal
